
Microsoft Visual Studio Solution File, Format Version 12.00
# Visual Studio Version 16
VisualStudioVersion = 16.0.30517.126
MinimumVisualStudioVersion = 10.0.40219.1
Project("{FAE04EC0-301F-11D3-BF4B-00C04F79EFBC}") = "Task1", "ThreadsExample\Task1.csproj", "{79A7B1AD-873B-42B1-A92D-67ED6A076050}"
EndProject
Project("{FAE04EC0-301F-11D3-BF4B-00C04F79EFBC}") = "Task2", "Task2\Task2.csproj", "{CE6A1F47-45CC-4B4C-A152-EE3FBDC74822}"
EndProject
Global
	GlobalSection(SolutionConfigurationPlatforms) = preSolution
		Debug|Any CPU = Debug|Any CPU
		Release|Any CPU = Release|Any CPU
	EndGlobalSection
	GlobalSection(ProjectConfigurationPlatforms) = postSolution
		{79A7B1AD-873B-42B1-A92D-67ED6A076050}.Debug|Any CPU.ActiveCfg = Debug|Any CPU
		{79A7B1AD-873B-42B1-A92D-67ED6A076050}.Debug|Any CPU.Build.0 = Debug|Any CPU
		{79A7B1AD-873B-42B1-A92D-67ED6A076050}.Release|Any CPU.ActiveCfg = Release|Any CPU
		{79A7B1AD-873B-42B1-A92D-67ED6A076050}.Release|Any CPU.Build.0 = Release|Any CPU
		{CE6A1F47-45CC-4B4C-A152-EE3FBDC74822}.Debug|Any CPU.ActiveCfg = Debug|Any CPU
		{CE6A1F47-45CC-4B4C-A152-EE3FBDC74822}.Debug|Any CPU.Build.0 = Debug|Any CPU
		{CE6A1F47-45CC-4B4C-A152-EE3FBDC74822}.Release|Any CPU.ActiveCfg = Release|Any CPU
		{CE6A1F47-45CC-4B4C-A152-EE3FBDC74822}.Release|Any CPU.Build.0 = Release|Any CPU
	EndGlobalSection
	GlobalSection(SolutionProperties) = preSolution
		HideSolutionNode = FALSE
	EndGlobalSection
	GlobalSection(ExtensibilityGlobals) = postSolution
		SolutionGuid = {0C2C574E-8F95-4C63-B6E4-5031154C9A9C}
	EndGlobalSection
EndGlobal
